
Microsoft Visual Studio Solution File, Format Version 12.00
# Visual Studio Version 16
VisualStudioVersion = 16.0.30523.141
MinimumVisualStudioVersion = 10.0.40219.1
Project("{FAE04EC0-301F-11D3-BF4B-00C04F79EFBC}") = "TeachingVidly", "TeachingVidly\TeachingVidly.csproj", "{E3646CF9-A033-42E2-A261-CFD4985521B6}"
EndProject
Global
	GlobalSection(SolutionConfigurationPlatforms) = preSolution
		Debug|Any CPU = Debug|Any CPU
		Release|Any CPU = Release|Any CPU
	EndGlobalSection
	GlobalSection(ProjectConfigurationPlatforms) = postSolution
		{E3646CF9-A033-42E2-A261-CFD4985521B6}.Debug|Any CPU.ActiveCfg = Debug|Any CPU
		{E3646CF9-A033-42E2-A261-CFD4985521B6}.Debug|Any CPU.Build.0 = Debug|Any CPU
		{E3646CF9-A033-42E2-A261-CFD4985521B6}.Release|Any CPU.ActiveCfg = Release|Any CPU
		{E3646CF9-A033-42E2-A261-CFD4985521B6}.Release|Any CPU.Build.0 = Release|Any CPU
	EndGlobalSection
	GlobalSection(SolutionProperties) = preSolution
		HideSolutionNode = FALSE
	EndGlobalSection
	GlobalSection(ExtensibilityGlobals) = postSolution
		SolutionGuid = {2054BEC6-BD02-4F55-82CA-B6E04984D4EB}
	EndGlobalSection
EndGlobal
